
Microsoft Visual Studio Solution File, Format Version 12.00
# Visual Studio Version 17
VisualStudioVersion = 17.5.33627.172
MinimumVisualStudioVersion = 10.0.40219.1
Project("{FAE04EC0-301F-11D3-BF4B-00C04F79EFBC}") = "ARENAB", "ARENAB\ARENAB.csproj", "{E924A338-E891-4B1D-B23F-3CFD1710FBFC}"
EndProject
Global
	GlobalSection(SolutionConfigurationPlatforms) = preSolution
		Debug|Any CPU = Debug|Any CPU
		Release|Any CPU = Release|Any CPU
	EndGlobalSection
	GlobalSection(ProjectConfigurationPlatforms) = postSolution
		{E924A338-E891-4B1D-B23F-3CFD1710FBFC}.Debug|Any CPU.ActiveCfg = Debug|Any CPU
		{E924A338-E891-4B1D-B23F-3CFD1710FBFC}.Debug|Any CPU.Build.0 = Debug|Any CPU
		{E924A338-E891-4B1D-B23F-3CFD1710FBFC}.Release|Any CPU.ActiveCfg = Release|Any CPU
		{E924A338-E891-4B1D-B23F-3CFD1710FBFC}.Release|Any CPU.Build.0 = Release|Any CPU
	EndGlobalSection
	GlobalSection(SolutionProperties) = preSolution
		HideSolutionNode = FALSE
	EndGlobalSection
	GlobalSection(ExtensibilityGlobals) = postSolution
		SolutionGuid = {C422D0F1-8DDD-4AC9-A61B-F0744B3BA56A}
	EndGlobalSection
EndGlobal
